github.com/TarsCloud/TarsGo v1.1.2 h1:Zdu67c/daLwJjiLbkHhzJQN/n+dC31uoSnWMQT3v0bQ=
github.com/TarsCloud/TarsGo v1.1.2/go.mod h1:jkslu43B0kZitq9ztCH6ZM6l4rCKGkMjdqEPjHoOdjc=
github.com/TarsCloud/TarsGo v1.1.4 h1:h8Hch0oWX4hahh/ZWD2gVdKq5KbkbaE5PO2nQtq/hGI=
github.com/TarsCloud/TarsGo v1.1.4/go.mod h1:jkslu43B0kZitq9ztCH6ZM6l4rCKGkMjdqEPjHoOdjc=
github.com/opentracing/opentracing-go v1.1.0/go.mod h1:UkNAQd3GIcIGf0SeVgPpRdFStlNbqXla1AfSYxPUl2o=
github.com/openzipkin-contrib/zipkin-go-opentracing v0.3.5/go.mod h1:uVHyebswE1cCXr2A73cRM2frx5ld1RJUCJkFNZ90ZiI=
